
Microsoft Visual Studio Solution File, Format Version 12.00
# Visual Studio Version 17
VisualStudioVersion = 17.9.34616.47
MinimumVisualStudioVersion = 10.0.40219.1
Project("{8BC9CEB8-8B4A-11D0-8D11-00A0C91BC942}") = "Hangman_Game", "Hangman_Game.vcxproj", "{27574E89-D744-4933-8E1C-77B656C29CED}"
EndProject
Global
	GlobalSection(SolutionConfigurationPlatforms) = preSolution
		Debug|x64 = Debug|x64
		Debug|x86 = Debug|x86
		Release|x64 = Release|x64
		Release|x86 = Release|x86
	EndGlobalSection
	GlobalSection(ProjectConfigurationPlatforms) = postSolution
		{27574E89-D744-4933-8E1C-77B656C29CED}.Debug|x64.ActiveCfg = Debug|x64
		{27574E89-D744-4933-8E1C-77B656C29CED}.Debug|x64.Build.0 = Debug|x64
		{27574E89-D744-4933-8E1C-77B656C29CED}.Debug|x86.ActiveCfg = Debug|Win32
		{27574E89-D744-4933-8E1C-77B656C29CED}.Debug|x86.Build.0 = Debug|Win32
		{27574E89-D744-4933-8E1C-77B656C29CED}.Release|x64.ActiveCfg = Release|x64
		{27574E89-D744-4933-8E1C-77B656C29CED}.Release|x64.Build.0 = Release|x64
		{27574E89-D744-4933-8E1C-77B656C29CED}.Release|x86.ActiveCfg = Release|Win32
		{27574E89-D744-4933-8E1C-77B656C29CED}.Release|x86.Build.0 = Release|Win32
	EndGlobalSection
	GlobalSection(SolutionProperties) = preSolution
		HideSolutionNode = FALSE
	EndGlobalSection
	GlobalSection(ExtensibilityGlobals) = postSolution
		SolutionGuid = {5707843B-E90C-4E21-BA95-686B34A90E76}
	EndGlobalSection
EndGlobal
